{
  "name": "road-test-client",
  "version": "1.0.0",
  "lockfileVersion": 3,
  "requires": true,
  "packages": {
    "": {
      "name": "road-test-client",
      "version": "1.0.0",
      "dependencies": {
        "tdesign-uniapp": "^0.6.3"
      }
    },
    "node_modules/tdesign-uniapp": {
      "version": "0.6.3",
      "resolved": "https://registry.npmjs.org/tdesign-uniapp/-/tdesign-uniapp-0.6.3.tgz",
      "integrity": "sha512-uIZXbP8JhjqkB6FFXIVHyDIQTQ5ICmF2pB59Mo1Q2CYX/33BV3EN3HjYq9zSN6hn7qbV7a4uv8U/x/gLjWly1w==",
      "deprecated": "This package has been renamed to @tdesign/uniapp. Please install @tdesign/uniapp instead. See https://tdesign.tencent.com/uniapp/getting-started/ for more details.",
      "hasInstallScript": true,
      "license": "MIT"
    }
  }
}
