{
  "name": "road-test-client",
  "version": "1.0.0",
  "lockfileVersion": 3,
  "requires": true,
  "packages": {
    "": {
      "name": "road-test-client",
      "version": "1.0.0",
      "dependencies": {
        "@tdesign/uniapp": "^0.8.1"
      }
    },
    "node_modules/@tdesign/uniapp": {
      "version": "0.8.1",
      "resolved": "https://registry.npmmirror.com/@tdesign/uniapp/-/uniapp-0.8.1.tgz",
      "integrity": "sha512-zYKIkgulDg4i4h6o+wIbA9kSKM9l6x6RtuvbaQwJ3NjbwbeB573BuwjsiMzjkWpl6AzajX0rEjwFBMgqABKPeA==",
      "hasInstallScript": true,
      "license": "MIT"
    }
  }
}
